
Microsoft Visual Studio Solution File, Format Version 12.00
# Visual Studio 2012
Project("{FAE04EC0-301F-11D3-BF4B-00C04F79EFBC}") = "PrinceBooks", "PrinceBooks\PrinceBooks.csproj", "{B9ED5794-9EC1-4215-A025-FBA4634645BF}"
EndProject
Project("{FAE04EC0-301F-11D3-BF4B-00C04F79EFBC}") = "PrinceBooks.iOS", "iOS\PrinceBooks.iOS.csproj", "{DFA21699-403A-4C01-B4E9-3353DD98D566}"
EndProject
Project("{FAE04EC0-301F-11D3-BF4B-00C04F79EFBC}") = "PrinceBooks.Droid", "Droid\PrinceBooks.Droid.csproj", "{A2D6AEC3-9B9F-4AF5-8DBD-41804BD05538}"
EndProject
Global
	GlobalSection(SolutionConfigurationPlatforms) = preSolution
		Debug|Any CPU = Debug|Any CPU
		Release|Any CPU = Release|Any CPU
		Debug|iPhoneSimulator = Debug|iPhoneSimulator
		Release|iPhoneSimulator = Release|iPhoneSimulator
		Debug|iPhone = Debug|iPhone
		Release|iPhone = Release|iPhone
		Ad-Hoc|iPhone = Ad-Hoc|iPhone
		AppStore|iPhone = AppStore|iPhone
	EndGlobalSection
	GlobalSection(ProjectConfigurationPlatforms) = postSolution
		{A2D6AEC3-9B9F-4AF5-8DBD-41804BD05538}.Ad-Hoc|iPhone.ActiveCfg = Release|Any CPU
		{A2D6AEC3-9B9F-4AF5-8DBD-41804BD05538}.Ad-Hoc|iPhone.Build.0 = Release|Any CPU
		{A2D6AEC3-9B9F-4AF5-8DBD-41804BD05538}.AppStore|iPhone.ActiveCfg = Release|Any CPU
		{A2D6AEC3-9B9F-4AF5-8DBD-41804BD05538}.AppStore|iPhone.Build.0 = Release|Any CPU
		{A2D6AEC3-9B9F-4AF5-8DBD-41804BD05538}.Debug|Any CPU.ActiveCfg = Debug|Any CPU
		{A2D6AEC3-9B9F-4AF5-8DBD-41804BD05538}.Debug|Any CPU.Build.0 = Debug|Any CPU
		{A2D6AEC3-9B9F-4AF5-8DBD-41804BD05538}.Debug|iPhone.ActiveCfg = Debug|Any CPU
		{A2D6AEC3-9B9F-4AF5-8DBD-41804BD05538}.Debug|iPhone.Build.0 = Debug|Any CPU
		{A2D6AEC3-9B9F-4AF5-8DBD-41804BD05538}.Debug|iPhoneSimulator.ActiveCfg = Debug|Any CPU
		{A2D6AEC3-9B9F-4AF5-8DBD-41804BD05538}.Debug|iPhoneSimulator.Build.0 = Debug|Any CPU
		{A2D6AEC3-9B9F-4AF5-8DBD-41804BD05538}.Release|Any CPU.ActiveCfg = Release|Any CPU
		{A2D6AEC3-9B9F-4AF5-8DBD-41804BD05538}.Release|Any CPU.Build.0 = Release|Any CPU
		{A2D6AEC3-9B9F-4AF5-8DBD-41804BD05538}.Release|iPhone.ActiveCfg = Release|Any CPU
		{A2D6AEC3-9B9F-4AF5-8DBD-41804BD05538}.Release|iPhone.Build.0 = Release|Any CPU
		{A2D6AEC3-9B9F-4AF5-8DBD-41804BD05538}.Release|iPhoneSimulator.ActiveCfg = Release|Any CPU
		{A2D6AEC3-9B9F-4AF5-8DBD-41804BD05538}.Release|iPhoneSimulator.Build.0 = Release|Any CPU
		{B9ED5794-9EC1-4215-A025-FBA4634645BF}.Ad-Hoc|iPhone.ActiveCfg = Debug|Any CPU
		{B9ED5794-9EC1-4215-A025-FBA4634645BF}.Ad-Hoc|iPhone.Build.0 = Debug|Any CPU
		{B9ED5794-9EC1-4215-A025-FBA4634645BF}.AppStore|iPhone.ActiveCfg = Debug|Any CPU
		{B9ED5794-9EC1-4215-A025-FBA4634645BF}.AppStore|iPhone.Build.0 = Debug|Any CPU
		{B9ED5794-9EC1-4215-A025-FBA4634645BF}.Debug|Any CPU.ActiveCfg = Debug|Any CPU
		{B9ED5794-9EC1-4215-A025-FBA4634645BF}.Debug|Any CPU.Build.0 = Debug|Any CPU
		{B9ED5794-9EC1-4215-A025-FBA4634645BF}.Debug|iPhone.ActiveCfg = Debug|Any CPU
		{B9ED5794-9EC1-4215-A025-FBA4634645BF}.Debug|iPhone.Build.0 = Debug|Any CPU
		{B9ED5794-9EC1-4215-A025-FBA4634645BF}.Debug|iPhoneSimulator.ActiveCfg = Debug|Any CPU
		{B9ED5794-9EC1-4215-A025-FBA4634645BF}.Debug|iPhoneSimulator.Build.0 = Debug|Any CPU
		{B9ED5794-9EC1-4215-A025-FBA4634645BF}.Release|Any CPU.ActiveCfg = Release|Any CPU
		{B9ED5794-9EC1-4215-A025-FBA4634645BF}.Release|Any CPU.Build.0 = Release|Any CPU
		{B9ED5794-9EC1-4215-A025-FBA4634645BF}.Release|iPhone.ActiveCfg = Release|Any CPU
		{B9ED5794-9EC1-4215-A025-FBA4634645BF}.Release|iPhone.Build.0 = Release|Any CPU
		{B9ED5794-9EC1-4215-A025-FBA4634645BF}.Release|iPhoneSimulator.ActiveCfg = Release|Any CPU
		{B9ED5794-9EC1-4215-A025-FBA4634645BF}.Release|iPhoneSimulator.Build.0 = Release|Any CPU
		{DFA21699-403A-4C01-B4E9-3353DD98D566}.Ad-Hoc|iPhone.ActiveCfg = Ad-Hoc|iPhone
		{DFA21699-403A-4C01-B4E9-3353DD98D566}.Ad-Hoc|iPhone.Build.0 = Ad-Hoc|iPhone
		{DFA21699-403A-4C01-B4E9-3353DD98D566}.AppStore|iPhone.ActiveCfg = AppStore|iPhone
		{DFA21699-403A-4C01-B4E9-3353DD98D566}.AppStore|iPhone.Build.0 = AppStore|iPhone
		{DFA21699-403A-4C01-B4E9-3353DD98D566}.Debug|Any CPU.ActiveCfg = Debug|iPhoneSimulator
		{DFA21699-403A-4C01-B4E9-3353DD98D566}.Debug|Any CPU.Build.0 = Debug|iPhoneSimulator
		{DFA21699-403A-4C01-B4E9-3353DD98D566}.Debug|iPhone.ActiveCfg = Debug|iPhone
		{DFA21699-403A-4C01-B4E9-3353DD98D566}.Debug|iPhone.Build.0 = Debug|iPhone
		{DFA21699-403A-4C01-B4E9-3353DD98D566}.Debug|iPhoneSimulator.ActiveCfg = Debug|iPhoneSimulator
		{DFA21699-403A-4C01-B4E9-3353DD98D566}.Debug|iPhoneSimulator.Build.0 = Debug|iPhoneSimulator
		{DFA21699-403A-4C01-B4E9-3353DD98D566}.Release|Any CPU.ActiveCfg = Release|iPhoneSimulator
		{DFA21699-403A-4C01-B4E9-3353DD98D566}.Release|Any CPU.Build.0 = Release|iPhoneSimulator
		{DFA21699-403A-4C01-B4E9-3353DD98D566}.Release|iPhone.ActiveCfg = Release|iPhone
		{DFA21699-403A-4C01-B4E9-3353DD98D566}.Release|iPhone.Build.0 = Release|iPhone
		{DFA21699-403A-4C01-B4E9-3353DD98D566}.Release|iPhoneSimulator.ActiveCfg = Release|iPhoneSimulator
		{DFA21699-403A-4C01-B4E9-3353DD98D566}.Release|iPhoneSimulator.Build.0 = Release|iPhoneSimulator
	EndGlobalSection
EndGlobal
