
Microsoft Visual Studio Solution File, Format Version 12.00
# Visual Studio 14
VisualStudioVersion = 14.0.22310.1
MinimumVisualStudioVersion = 10.0.40219.1
Project("{FAE04EC0-301F-11D3-BF4B-00C04F79EFBC}") = "PrinceBook", "PrinceBook\PrinceBook\PrinceBook.csproj", "{DF93DF0B-E535-49F4-B214-92F2808D0AA5}"
EndProject
Project("{FAE04EC0-301F-11D3-BF4B-00C04F79EFBC}") = "PrinceBook.iOS", "PrinceBook\PrinceBook.iOS\PrinceBook.iOS.csproj", "{9A9F614D-E373-4029-AFAA-F07DB00903BB}"
EndProject
Project("{FAE04EC0-301F-11D3-BF4B-00C04F79EFBC}") = "PrinceBook.Droid", "PrinceBook\PrinceBook.Droid\PrinceBook.Droid.csproj", "{BD73D920-A5EB-4796-9E03-2AD5064E32B6}"
EndProject
Project("{FAE04EC0-301F-11D3-BF4B-00C04F79EFBC}") = "Domain", "..\WebAPI\Domain\Domain.csproj", "{0D15C61B-082F-4007-B47A-498CE59B70CB}"
EndProject
Project("{FAE04EC0-301F-11D3-BF4B-00C04F79EFBC}") = "ServiceClient", "..\WebAPI\ServiceClient\ServiceClient.csproj", "{586A9D3E-7D39-41AE-9A3F-75429CEB3132}"
EndProject
Global
	GlobalSection(SolutionConfigurationPlatforms) = preSolution
		Ad-Hoc|Any CPU = Ad-Hoc|Any CPU
		Ad-Hoc|iPhone = Ad-Hoc|iPhone
		Ad-Hoc|iPhoneSimulator = Ad-Hoc|iPhoneSimulator
		Ad-Hoc|Mixed Platforms = Ad-Hoc|Mixed Platforms
		AppStore|Any CPU = AppStore|Any CPU
		AppStore|iPhone = AppStore|iPhone
		AppStore|iPhoneSimulator = AppStore|iPhoneSimulator
		AppStore|Mixed Platforms = AppStore|Mixed Platforms
		Debug|Any CPU = Debug|Any CPU
		Debug|iPhone = Debug|iPhone
		Debug|iPhoneSimulator = Debug|iPhoneSimulator
		Debug|Mixed Platforms = Debug|Mixed Platforms
		Release|Any CPU = Release|Any CPU
		Release|iPhone = Release|iPhone
		Release|iPhoneSimulator = Release|iPhoneSimulator
		Release|Mixed Platforms = Release|Mixed Platforms
	EndGlobalSection
	GlobalSection(ProjectConfigurationPlatforms) = postSolution
		{DF93DF0B-E535-49F4-B214-92F2808D0AA5}.Ad-Hoc|Any CPU.ActiveCfg = Release|Any CPU
		{DF93DF0B-E535-49F4-B214-92F2808D0AA5}.Ad-Hoc|Any CPU.Build.0 = Release|Any CPU
		{DF93DF0B-E535-49F4-B214-92F2808D0AA5}.Ad-Hoc|iPhone.ActiveCfg = Release|Any CPU
		{DF93DF0B-E535-49F4-B214-92F2808D0AA5}.Ad-Hoc|iPhone.Build.0 = Release|Any CPU
		{DF93DF0B-E535-49F4-B214-92F2808D0AA5}.Ad-Hoc|iPhoneSimulator.ActiveCfg = Release|Any CPU
		{DF93DF0B-E535-49F4-B214-92F2808D0AA5}.Ad-Hoc|iPhoneSimulator.Build.0 = Release|Any CPU
		{DF93DF0B-E535-49F4-B214-92F2808D0AA5}.Ad-Hoc|Mixed Platforms.ActiveCfg = Release|Any CPU
		{DF93DF0B-E535-49F4-B214-92F2808D0AA5}.Ad-Hoc|Mixed Platforms.Build.0 = Release|Any CPU
		{DF93DF0B-E535-49F4-B214-92F2808D0AA5}.AppStore|Any CPU.ActiveCfg = Release|Any CPU
		{DF93DF0B-E535-49F4-B214-92F2808D0AA5}.AppStore|Any CPU.Build.0 = Release|Any CPU
		{DF93DF0B-E535-49F4-B214-92F2808D0AA5}.AppStore|iPhone.ActiveCfg = Release|Any CPU
		{DF93DF0B-E535-49F4-B214-92F2808D0AA5}.AppStore|iPhone.Build.0 = Release|Any CPU
		{DF93DF0B-E535-49F4-B214-92F2808D0AA5}.AppStore|iPhoneSimulator.ActiveCfg = Release|Any CPU
		{DF93DF0B-E535-49F4-B214-92F2808D0AA5}.AppStore|iPhoneSimulator.Build.0 = Release|Any CPU
		{DF93DF0B-E535-49F4-B214-92F2808D0AA5}.AppStore|Mixed Platforms.ActiveCfg = Release|Any CPU
		{DF93DF0B-E535-49F4-B214-92F2808D0AA5}.AppStore|Mixed Platforms.Build.0 = Release|Any CPU
		{DF93DF0B-E535-49F4-B214-92F2808D0AA5}.Debug|Any CPU.ActiveCfg = Debug|Any CPU
		{DF93DF0B-E535-49F4-B214-92F2808D0AA5}.Debug|Any CPU.Build.0 = Debug|Any CPU
		{DF93DF0B-E535-49F4-B214-92F2808D0AA5}.Debug|iPhone.ActiveCfg = Debug|Any CPU
		{DF93DF0B-E535-49F4-B214-92F2808D0AA5}.Debug|iPhone.Build.0 = Debug|Any CPU
		{DF93DF0B-E535-49F4-B214-92F2808D0AA5}.Debug|iPhoneSimulator.ActiveCfg = Debug|Any CPU
		{DF93DF0B-E535-49F4-B214-92F2808D0AA5}.Debug|iPhoneSimulator.Build.0 = Debug|Any CPU
		{DF93DF0B-E535-49F4-B214-92F2808D0AA5}.Debug|Mixed Platforms.ActiveCfg = Debug|Any CPU
		{DF93DF0B-E535-49F4-B214-92F2808D0AA5}.Debug|Mixed Platforms.Build.0 = Debug|Any CPU
		{DF93DF0B-E535-49F4-B214-92F2808D0AA5}.Release|Any CPU.ActiveCfg = Release|Any CPU
		{DF93DF0B-E535-49F4-B214-92F2808D0AA5}.Release|Any CPU.Build.0 = Release|Any CPU
		{DF93DF0B-E535-49F4-B214-92F2808D0AA5}.Release|iPhone.ActiveCfg = Release|Any CPU
		{DF93DF0B-E535-49F4-B214-92F2808D0AA5}.Release|iPhone.Build.0 = Release|Any CPU
		{DF93DF0B-E535-49F4-B214-92F2808D0AA5}.Release|iPhoneSimulator.ActiveCfg = Release|Any CPU
		{DF93DF0B-E535-49F4-B214-92F2808D0AA5}.Release|iPhoneSimulator.Build.0 = Release|Any CPU
		{DF93DF0B-E535-49F4-B214-92F2808D0AA5}.Release|Mixed Platforms.ActiveCfg = Release|Any CPU
		{DF93DF0B-E535-49F4-B214-92F2808D0AA5}.Release|Mixed Platforms.Build.0 = Release|Any CPU
		{9A9F614D-E373-4029-AFAA-F07DB00903BB}.Ad-Hoc|Any CPU.ActiveCfg = Ad-Hoc|iPhone
		{9A9F614D-E373-4029-AFAA-F07DB00903BB}.Ad-Hoc|iPhone.ActiveCfg = Ad-Hoc|iPhone
		{9A9F614D-E373-4029-AFAA-F07DB00903BB}.Ad-Hoc|iPhone.Build.0 = Ad-Hoc|iPhone
		{9A9F614D-E373-4029-AFAA-F07DB00903BB}.Ad-Hoc|iPhoneSimulator.ActiveCfg = Ad-Hoc|iPhoneSimulator
		{9A9F614D-E373-4029-AFAA-F07DB00903BB}.Ad-Hoc|iPhoneSimulator.Build.0 = Ad-Hoc|iPhoneSimulator
		{9A9F614D-E373-4029-AFAA-F07DB00903BB}.Ad-Hoc|Mixed Platforms.ActiveCfg = Ad-Hoc|iPhone
		{9A9F614D-E373-4029-AFAA-F07DB00903BB}.Ad-Hoc|Mixed Platforms.Build.0 = Ad-Hoc|iPhone
		{9A9F614D-E373-4029-AFAA-F07DB00903BB}.AppStore|Any CPU.ActiveCfg = AppStore|iPhone
		{9A9F614D-E373-4029-AFAA-F07DB00903BB}.AppStore|iPhone.ActiveCfg = AppStore|iPhone
		{9A9F614D-E373-4029-AFAA-F07DB00903BB}.AppStore|iPhone.Build.0 = AppStore|iPhone
		{9A9F614D-E373-4029-AFAA-F07DB00903BB}.AppStore|iPhoneSimulator.ActiveCfg = AppStore|iPhoneSimulator
		{9A9F614D-E373-4029-AFAA-F07DB00903BB}.AppStore|iPhoneSimulator.Build.0 = AppStore|iPhoneSimulator
		{9A9F614D-E373-4029-AFAA-F07DB00903BB}.AppStore|Mixed Platforms.ActiveCfg = AppStore|iPhone
		{9A9F614D-E373-4029-AFAA-F07DB00903BB}.AppStore|Mixed Platforms.Build.0 = AppStore|iPhone
		{9A9F614D-E373-4029-AFAA-F07DB00903BB}.Debug|Any CPU.ActiveCfg = Debug|iPhone
		{9A9F614D-E373-4029-AFAA-F07DB00903BB}.Debug|iPhone.ActiveCfg = Debug|iPhone
		{9A9F614D-E373-4029-AFAA-F07DB00903BB}.Debug|iPhone.Build.0 = Debug|iPhone
		{9A9F614D-E373-4029-AFAA-F07DB00903BB}.Debug|iPhoneSimulator.ActiveCfg = Debug|iPhoneSimulator
		{9A9F614D-E373-4029-AFAA-F07DB00903BB}.Debug|iPhoneSimulator.Build.0 = Debug|iPhoneSimulator
		{9A9F614D-E373-4029-AFAA-F07DB00903BB}.Debug|Mixed Platforms.ActiveCfg = Debug|iPhone
		{9A9F614D-E373-4029-AFAA-F07DB00903BB}.Debug|Mixed Platforms.Build.0 = Debug|iPhone
		{9A9F614D-E373-4029-AFAA-F07DB00903BB}.Release|Any CPU.ActiveCfg = Release|iPhone
		{9A9F614D-E373-4029-AFAA-F07DB00903BB}.Release|iPhone.ActiveCfg = Release|iPhone
		{9A9F614D-E373-4029-AFAA-F07DB00903BB}.Release|iPhone.Build.0 = Release|iPhone
		{9A9F614D-E373-4029-AFAA-F07DB00903BB}.Release|iPhoneSimulator.ActiveCfg = Release|iPhoneSimulator
		{9A9F614D-E373-4029-AFAA-F07DB00903BB}.Release|iPhoneSimulator.Build.0 = Release|iPhoneSimulator
		{9A9F614D-E373-4029-AFAA-F07DB00903BB}.Release|Mixed Platforms.ActiveCfg = Release|iPhone
		{9A9F614D-E373-4029-AFAA-F07DB00903BB}.Release|Mixed Platforms.Build.0 = Release|iPhone
		{BD73D920-A5EB-4796-9E03-2AD5064E32B6}.Ad-Hoc|Any CPU.ActiveCfg = Release|Any CPU
		{BD73D920-A5EB-4796-9E03-2AD5064E32B6}.Ad-Hoc|Any CPU.Build.0 = Release|Any CPU
		{BD73D920-A5EB-4796-9E03-2AD5064E32B6}.Ad-Hoc|Any CPU.Deploy.0 = Release|Any CPU
		{BD73D920-A5EB-4796-9E03-2AD5064E32B6}.Ad-Hoc|iPhone.ActiveCfg = Release|Any CPU
		{BD73D920-A5EB-4796-9E03-2AD5064E32B6}.Ad-Hoc|iPhone.Build.0 = Release|Any CPU
		{BD73D920-A5EB-4796-9E03-2AD5064E32B6}.Ad-Hoc|iPhone.Deploy.0 = Release|Any CPU
		{BD73D920-A5EB-4796-9E03-2AD5064E32B6}.Ad-Hoc|iPhoneSimulator.ActiveCfg = Release|Any CPU
		{BD73D920-A5EB-4796-9E03-2AD5064E32B6}.Ad-Hoc|iPhoneSimulator.Build.0 = Release|Any CPU
		{BD73D920-A5EB-4796-9E03-2AD5064E32B6}.Ad-Hoc|iPhoneSimulator.Deploy.0 = Release|Any CPU
		{BD73D920-A5EB-4796-9E03-2AD5064E32B6}.Ad-Hoc|Mixed Platforms.ActiveCfg = Release|Any CPU
		{BD73D920-A5EB-4796-9E03-2AD5064E32B6}.Ad-Hoc|Mixed Platforms.Build.0 = Release|Any CPU
		{BD73D920-A5EB-4796-9E03-2AD5064E32B6}.Ad-Hoc|Mixed Platforms.Deploy.0 = Release|Any CPU
		{BD73D920-A5EB-4796-9E03-2AD5064E32B6}.AppStore|Any CPU.ActiveCfg = Release|Any CPU
		{BD73D920-A5EB-4796-9E03-2AD5064E32B6}.AppStore|Any CPU.Build.0 = Release|Any CPU
		{BD73D920-A5EB-4796-9E03-2AD5064E32B6}.AppStore|Any CPU.Deploy.0 = Release|Any CPU
		{BD73D920-A5EB-4796-9E03-2AD5064E32B6}.AppStore|iPhone.ActiveCfg = Release|Any CPU
		{BD73D920-A5EB-4796-9E03-2AD5064E32B6}.AppStore|iPhone.Build.0 = Release|Any CPU
		{BD73D920-A5EB-4796-9E03-2AD5064E32B6}.AppStore|iPhone.Deploy.0 = Release|Any CPU
		{BD73D920-A5EB-4796-9E03-2AD5064E32B6}.AppStore|iPhoneSimulator.ActiveCfg = Release|Any CPU
		{BD73D920-A5EB-4796-9E03-2AD5064E32B6}.AppStore|iPhoneSimulator.Build.0 = Release|Any CPU
		{BD73D920-A5EB-4796-9E03-2AD5064E32B6}.AppStore|iPhoneSimulator.Deploy.0 = Release|Any CPU
		{BD73D920-A5EB-4796-9E03-2AD5064E32B6}.AppStore|Mixed Platforms.ActiveCfg = Release|Any CPU
		{BD73D920-A5EB-4796-9E03-2AD5064E32B6}.AppStore|Mixed Platforms.Build.0 = Release|Any CPU
		{BD73D920-A5EB-4796-9E03-2AD5064E32B6}.AppStore|Mixed Platforms.Deploy.0 = Release|Any CPU
		{BD73D920-A5EB-4796-9E03-2AD5064E32B6}.Debug|Any CPU.ActiveCfg = Debug|Any CPU
		{BD73D920-A5EB-4796-9E03-2AD5064E32B6}.Debug|Any CPU.Build.0 = Debug|Any CPU
		{BD73D920-A5EB-4796-9E03-2AD5064E32B6}.Debug|Any CPU.Deploy.0 = Debug|Any CPU
		{BD73D920-A5EB-4796-9E03-2AD5064E32B6}.Debug|iPhone.ActiveCfg = Debug|Any CPU
		{BD73D920-A5EB-4796-9E03-2AD5064E32B6}.Debug|iPhone.Build.0 = Debug|Any CPU
		{BD73D920-A5EB-4796-9E03-2AD5064E32B6}.Debug|iPhone.Deploy.0 = Debug|Any CPU
		{BD73D920-A5EB-4796-9E03-2AD5064E32B6}.Debug|iPhoneSimulator.ActiveCfg = Debug|Any CPU
		{BD73D920-A5EB-4796-9E03-2AD5064E32B6}.Debug|iPhoneSimulator.Build.0 = Debug|Any CPU
		{BD73D920-A5EB-4796-9E03-2AD5064E32B6}.Debug|iPhoneSimulator.Deploy.0 = Debug|Any CPU
		{BD73D920-A5EB-4796-9E03-2AD5064E32B6}.Debug|Mixed Platforms.ActiveCfg = Debug|Any CPU
		{BD73D920-A5EB-4796-9E03-2AD5064E32B6}.Debug|Mixed Platforms.Build.0 = Debug|Any CPU
		{BD73D920-A5EB-4796-9E03-2AD5064E32B6}.Debug|Mixed Platforms.Deploy.0 = Debug|Any CPU
		{BD73D920-A5EB-4796-9E03-2AD5064E32B6}.Release|Any CPU.ActiveCfg = Release|Any CPU
		{BD73D920-A5EB-4796-9E03-2AD5064E32B6}.Release|Any CPU.Build.0 = Release|Any CPU
		{BD73D920-A5EB-4796-9E03-2AD5064E32B6}.Release|Any CPU.Deploy.0 = Release|Any CPU
		{BD73D920-A5EB-4796-9E03-2AD5064E32B6}.Release|iPhone.ActiveCfg = Release|Any CPU
		{BD73D920-A5EB-4796-9E03-2AD5064E32B6}.Release|iPhone.Build.0 = Release|Any CPU
		{BD73D920-A5EB-4796-9E03-2AD5064E32B6}.Release|iPhone.Deploy.0 = Release|Any CPU
		{BD73D920-A5EB-4796-9E03-2AD5064E32B6}.Release|iPhoneSimulator.ActiveCfg = Release|Any CPU
		{BD73D920-A5EB-4796-9E03-2AD5064E32B6}.Release|iPhoneSimulator.Build.0 = Release|Any CPU
		{BD73D920-A5EB-4796-9E03-2AD5064E32B6}.Release|iPhoneSimulator.Deploy.0 = Release|Any CPU
		{BD73D920-A5EB-4796-9E03-2AD5064E32B6}.Release|Mixed Platforms.ActiveCfg = Release|Any CPU
		{BD73D920-A5EB-4796-9E03-2AD5064E32B6}.Release|Mixed Platforms.Build.0 = Release|Any CPU
		{BD73D920-A5EB-4796-9E03-2AD5064E32B6}.Release|Mixed Platforms.Deploy.0 = Release|Any CPU
		{0D15C61B-082F-4007-B47A-498CE59B70CB}.Ad-Hoc|Any CPU.ActiveCfg = Release|Any CPU
		{0D15C61B-082F-4007-B47A-498CE59B70CB}.Ad-Hoc|Any CPU.Build.0 = Release|Any CPU
		{0D15C61B-082F-4007-B47A-498CE59B70CB}.Ad-Hoc|iPhone.ActiveCfg = Release|Any CPU
		{0D15C61B-082F-4007-B47A-498CE59B70CB}.Ad-Hoc|iPhone.Build.0 = Release|Any CPU
		{0D15C61B-082F-4007-B47A-498CE59B70CB}.Ad-Hoc|iPhoneSimulator.ActiveCfg = Release|Any CPU
		{0D15C61B-082F-4007-B47A-498CE59B70CB}.Ad-Hoc|iPhoneSimulator.Build.0 = Release|Any CPU
		{0D15C61B-082F-4007-B47A-498CE59B70CB}.Ad-Hoc|Mixed Platforms.ActiveCfg = Release|Any CPU
		{0D15C61B-082F-4007-B47A-498CE59B70CB}.Ad-Hoc|Mixed Platforms.Build.0 = Release|Any CPU
		{0D15C61B-082F-4007-B47A-498CE59B70CB}.AppStore|Any CPU.ActiveCfg = Release|Any CPU
		{0D15C61B-082F-4007-B47A-498CE59B70CB}.AppStore|Any CPU.Build.0 = Release|Any CPU
		{0D15C61B-082F-4007-B47A-498CE59B70CB}.AppStore|iPhone.ActiveCfg = Release|Any CPU
		{0D15C61B-082F-4007-B47A-498CE59B70CB}.AppStore|iPhone.Build.0 = Release|Any CPU
		{0D15C61B-082F-4007-B47A-498CE59B70CB}.AppStore|iPhoneSimulator.ActiveCfg = Release|Any CPU
		{0D15C61B-082F-4007-B47A-498CE59B70CB}.AppStore|iPhoneSimulator.Build.0 = Release|Any CPU
		{0D15C61B-082F-4007-B47A-498CE59B70CB}.AppStore|Mixed Platforms.ActiveCfg = Release|Any CPU
		{0D15C61B-082F-4007-B47A-498CE59B70CB}.AppStore|Mixed Platforms.Build.0 = Release|Any CPU
		{0D15C61B-082F-4007-B47A-498CE59B70CB}.Debug|Any CPU.ActiveCfg = Debug|Any CPU
		{0D15C61B-082F-4007-B47A-498CE59B70CB}.Debug|Any CPU.Build.0 = Debug|Any CPU
		{0D15C61B-082F-4007-B47A-498CE59B70CB}.Debug|iPhone.ActiveCfg = Debug|Any CPU
		{0D15C61B-082F-4007-B47A-498CE59B70CB}.Debug|iPhone.Build.0 = Debug|Any CPU
		{0D15C61B-082F-4007-B47A-498CE59B70CB}.Debug|iPhoneSimulator.ActiveCfg = Debug|Any CPU
		{0D15C61B-082F-4007-B47A-498CE59B70CB}.Debug|iPhoneSimulator.Build.0 = Debug|Any CPU
		{0D15C61B-082F-4007-B47A-498CE59B70CB}.Debug|Mixed Platforms.ActiveCfg = Debug|Any CPU
		{0D15C61B-082F-4007-B47A-498CE59B70CB}.Debug|Mixed Platforms.Build.0 = Debug|Any CPU
		{0D15C61B-082F-4007-B47A-498CE59B70CB}.Release|Any CPU.ActiveCfg = Release|Any CPU
		{0D15C61B-082F-4007-B47A-498CE59B70CB}.Release|Any CPU.Build.0 = Release|Any CPU
		{0D15C61B-082F-4007-B47A-498CE59B70CB}.Release|iPhone.ActiveCfg = Release|Any CPU
		{0D15C61B-082F-4007-B47A-498CE59B70CB}.Release|iPhone.Build.0 = Release|Any CPU
		{0D15C61B-082F-4007-B47A-498CE59B70CB}.Release|iPhoneSimulator.ActiveCfg = Release|Any CPU
		{0D15C61B-082F-4007-B47A-498CE59B70CB}.Release|iPhoneSimulator.Build.0 = Release|Any CPU
		{0D15C61B-082F-4007-B47A-498CE59B70CB}.Release|Mixed Platforms.ActiveCfg = Release|Any CPU
		{0D15C61B-082F-4007-B47A-498CE59B70CB}.Release|Mixed Platforms.Build.0 = Release|Any CPU
		{586A9D3E-7D39-41AE-9A3F-75429CEB3132}.Ad-Hoc|Any CPU.ActiveCfg = Release|Any CPU
		{586A9D3E-7D39-41AE-9A3F-75429CEB3132}.Ad-Hoc|Any CPU.Build.0 = Release|Any CPU
		{586A9D3E-7D39-41AE-9A3F-75429CEB3132}.Ad-Hoc|iPhone.ActiveCfg = Release|Any CPU
		{586A9D3E-7D39-41AE-9A3F-75429CEB3132}.Ad-Hoc|iPhone.Build.0 = Release|Any CPU
		{586A9D3E-7D39-41AE-9A3F-75429CEB3132}.Ad-Hoc|iPhoneSimulator.ActiveCfg = Release|Any CPU
		{586A9D3E-7D39-41AE-9A3F-75429CEB3132}.Ad-Hoc|iPhoneSimulator.Build.0 = Release|Any CPU
		{586A9D3E-7D39-41AE-9A3F-75429CEB3132}.Ad-Hoc|Mixed Platforms.ActiveCfg = Release|Any CPU
		{586A9D3E-7D39-41AE-9A3F-75429CEB3132}.Ad-Hoc|Mixed Platforms.Build.0 = Release|Any CPU
		{586A9D3E-7D39-41AE-9A3F-75429CEB3132}.AppStore|Any CPU.ActiveCfg = Release|Any CPU
		{586A9D3E-7D39-41AE-9A3F-75429CEB3132}.AppStore|Any CPU.Build.0 = Release|Any CPU
		{586A9D3E-7D39-41AE-9A3F-75429CEB3132}.AppStore|iPhone.ActiveCfg = Release|Any CPU
		{586A9D3E-7D39-41AE-9A3F-75429CEB3132}.AppStore|iPhone.Build.0 = Release|Any CPU
		{586A9D3E-7D39-41AE-9A3F-75429CEB3132}.AppStore|iPhoneSimulator.ActiveCfg = Release|Any CPU
		{586A9D3E-7D39-41AE-9A3F-75429CEB3132}.AppStore|iPhoneSimulator.Build.0 = Release|Any CPU
		{586A9D3E-7D39-41AE-9A3F-75429CEB3132}.AppStore|Mixed Platforms.ActiveCfg = Release|Any CPU
		{586A9D3E-7D39-41AE-9A3F-75429CEB3132}.AppStore|Mixed Platforms.Build.0 = Release|Any CPU
		{586A9D3E-7D39-41AE-9A3F-75429CEB3132}.Debug|Any CPU.ActiveCfg = Debug|Any CPU
		{586A9D3E-7D39-41AE-9A3F-75429CEB3132}.Debug|Any CPU.Build.0 = Debug|Any CPU
		{586A9D3E-7D39-41AE-9A3F-75429CEB3132}.Debug|iPhone.ActiveCfg = Debug|Any CPU
		{586A9D3E-7D39-41AE-9A3F-75429CEB3132}.Debug|iPhone.Build.0 = Debug|Any CPU
		{586A9D3E-7D39-41AE-9A3F-75429CEB3132}.Debug|iPhoneSimulator.ActiveCfg = Debug|Any CPU
		{586A9D3E-7D39-41AE-9A3F-75429CEB3132}.Debug|iPhoneSimulator.Build.0 = Debug|Any CPU
		{586A9D3E-7D39-41AE-9A3F-75429CEB3132}.Debug|Mixed Platforms.ActiveCfg = Debug|Any CPU
		{586A9D3E-7D39-41AE-9A3F-75429CEB3132}.Debug|Mixed Platforms.Build.0 = Debug|Any CPU
		{586A9D3E-7D39-41AE-9A3F-75429CEB3132}.Release|Any CPU.ActiveCfg = Release|Any CPU
		{586A9D3E-7D39-41AE-9A3F-75429CEB3132}.Release|Any CPU.Build.0 = Release|Any CPU
		{586A9D3E-7D39-41AE-9A3F-75429CEB3132}.Release|iPhone.ActiveCfg = Release|Any CPU
		{586A9D3E-7D39-41AE-9A3F-75429CEB3132}.Release|iPhone.Build.0 = Release|Any CPU
		{586A9D3E-7D39-41AE-9A3F-75429CEB3132}.Release|iPhoneSimulator.ActiveCfg = Release|Any CPU
		{586A9D3E-7D39-41AE-9A3F-75429CEB3132}.Release|iPhoneSimulator.Build.0 = Release|Any CPU
		{586A9D3E-7D39-41AE-9A3F-75429CEB3132}.Release|Mixed Platforms.ActiveCfg = Release|Any CPU
		{586A9D3E-7D39-41AE-9A3F-75429CEB3132}.Release|Mixed Platforms.Build.0 = Release|Any CPU
	EndGlobalSection
	GlobalSection(SolutionProperties) = preSolution
		HideSolutionNode = FALSE
	EndGlobalSection
EndGlobal
